// !$*UTF8*$!
{
	archiveVersion = 1;
	classes = {
	};
	objectVersion = 46;
	objects = {

/* Begin PBXBuildFile section */
		2660F6741B0CAAA900944C27 /* StringExtensions.swift in Sources */ = {isa = PBXBuildFile; fileRef = 2660F6731B0CAAA900944C27 /* StringExtensions.swift */; };
		2660F6761B0DE1A300944C27 /* MapKit.framework in Frameworks */ = {isa = PBXBuildFile; fileRef = 2660F6751B0DE1A300944C27 /* MapKit.framework */; };
		2660F6791B0DE90600944C27 /* MapViewController.swift in Sources */ = {isa = PBXBuildFile; fileRef = 2660F6781B0DE90600944C27 /* MapViewController.swift */; };
		2660F67B1B0DE94300944C27 /* ListViewController.swift in Sources */ = {isa = PBXBuildFile; fileRef = 2660F67A1B0DE94300944C27 /* ListViewController.swift */; };
		2660F67D1B106E2A00944C27 /* InformationPostingViewController.swift in Sources */ = {isa = PBXBuildFile; fileRef = 2660F67C1B106E2A00944C27 /* InformationPostingViewController.swift */; };
		2660F67F1B107DDB00944C27 /* StudentLocationPin.swift in Sources */ = {isa = PBXBuildFile; fileRef = 2660F67E1B107DDB00944C27 /* StudentLocationPin.swift */; };
		2660F6811B116A2600944C27 /* StudentLocationsViewController.swift in Sources */ = {isa = PBXBuildFile; fileRef = 2660F6801B116A2600944C27 /* StudentLocationsViewController.swift */; };
		2697F3691B39431B00BD6964 /* ArrayExtensions.swift in Sources */ = {isa = PBXBuildFile; fileRef = 2697F3681B39431B00BD6964 /* ArrayExtensions.swift */; };
		26B8453E1B034B4F001AD5CF /* AppDelegate.swift in Sources */ = {isa = PBXBuildFile; fileRef = 26B8453D1B034B4F001AD5CF /* AppDelegate.swift */; };
		26B845401B034B4F001AD5CF /* AuthenticationViewController.swift in Sources */ = {isa = PBXBuildFile; fileRef = 26B8453F1B034B4F001AD5CF /* AuthenticationViewController.swift */; };
		26B845431B034B4F001AD5CF /* Main.storyboard in Resources */ = {isa = PBXBuildFile; fileRef = 26B845411B034B4F001AD5CF /* Main.storyboard */; };
		26B845451B034B4F001AD5CF /* Images.xcassets in Resources */ = {isa = PBXBuildFile; fileRef = 26B845441B034B4F001AD5CF /* Images.xcassets */; };
		26B845481B034B4F001AD5CF /* LaunchScreen.xib in Resources */ = {isa = PBXBuildFile; fileRef = 26B845461B034B4F001AD5CF /* LaunchScreen.xib */; };
		26B845541B034B4F001AD5CF /* OnTheMapTests.swift in Sources */ = {isa = PBXBuildFile; fileRef = 26B845531B034B4F001AD5CF /* OnTheMapTests.swift */; };
		26B8456D1B035A2D001AD5CF /* Deferred.framework in Frameworks */ = {isa = PBXBuildFile; fileRef = 26B8456C1B035A2D001AD5CF /* Deferred.framework */; };
		26B845701B035BFF001AD5CF /* Result.framework in Frameworks */ = {isa = PBXBuildFile; fileRef = 26B8456F1B035BFF001AD5CF /* Result.framework */; };
		26B845721B035C03001AD5CF /* Box.framework in Frameworks */ = {isa = PBXBuildFile; fileRef = 26B845711B035C03001AD5CF /* Box.framework */; };
		26B845741B035C7B001AD5CF /* Cartfile in Resources */ = {isa = PBXBuildFile; fileRef = 26B845731B035C7B001AD5CF /* Cartfile */; };
		26B845791B04A52F001AD5CF /* UdacityClient.swift in Sources */ = {isa = PBXBuildFile; fileRef = 26B845781B04A52F001AD5CF /* UdacityClient.swift */; };
		26B8457B1B04A731001AD5CF /* ResultT.swift in Sources */ = {isa = PBXBuildFile; fileRef = 26B8457A1B04A731001AD5CF /* ResultT.swift */; };
		26B8457E1B04AA5E001AD5CF /* JSON.swift in Sources */ = {isa = PBXBuildFile; fileRef = 26B8457D1B04AA5E001AD5CF /* JSON.swift */; };
		26B845811B07385F001AD5CF /* ParseClient.swift in Sources */ = {isa = PBXBuildFile; fileRef = 26B845801B07385F001AD5CF /* ParseClient.swift */; };
		26B845831B07387D001AD5CF /* RESTClient.swift in Sources */ = {isa = PBXBuildFile; fileRef = 26B845821B07387D001AD5CF /* RESTClient.swift */; };
		26B845871B0738CE001AD5CF /* ResultError.swift in Sources */ = {isa = PBXBuildFile; fileRef = 26B845861B0738CE001AD5CF /* ResultError.swift */; };
		26B845891B073AD6001AD5CF /* StudentInformation.swift in Sources */ = {isa = PBXBuildFile; fileRef = 26B845881B073AD6001AD5CF /* StudentInformation.swift */; };
		26C161B31B36A0A900DEF003 /* LocationSearch.swift in Sources */ = {isa = PBXBuildFile; fileRef = 26C161B21B36A0A900DEF003 /* LocationSearch.swift */; };
/* End PBXBuildFile section */

/* Begin PBXContainerItemProxy section */
		26B8454E1B034B4F001AD5CF /* PBXContainerItemProxy */ = {
			isa = PBXContainerItemProxy;
			containerPortal = 26B845301B034B4F001AD5CF /* Project object */;
			proxyType = 1;
			remoteGlobalIDString = 26B845371B034B4F001AD5CF;
			remoteInfo = OnTheMap;
		};
/* End PBXContainerItemProxy section */

/* Begin PBXFileReference section */
		2660F6731B0CAAA900944C27 /* StringExtensions.swift */ = {isa = PBXFileReference; fileEncoding = 4; lastKnownFileType = sourcecode.swift; name = StringExtensions.swift; path = Utilities/StringExtensions.swift; sourceTree = "<group>"; };
		2660F6751B0DE1A300944C27 /* MapKit.framework */ = {isa = PBXFileReference; lastKnownFileType = wrapper.framework; name = MapKit.framework; path = System/Library/Frameworks/MapKit.framework; sourceTree = SDKROOT; };
		2660F6781B0DE90600944C27 /* MapViewController.swift */ = {isa = PBXFileReference; fileEncoding = 4; lastKnownFileType = sourcecode.swift; path = MapViewController.swift; sourceTree = "<group>"; };
		2660F67A1B0DE94300944C27 /* ListViewController.swift */ = {isa = PBXFileReference; fileEncoding = 4; lastKnownFileType = sourcecode.swift; path = ListViewController.swift; sourceTree = "<group>"; };
		2660F67C1B106E2A00944C27 /* InformationPostingViewController.swift */ = {isa = PBXFileReference; fileEncoding = 4; lastKnownFileType = sourcecode.swift; path = InformationPostingViewController.swift; sourceTree = "<group>"; };
		2660F67E1B107DDB00944C27 /* StudentLocationPin.swift */ = {isa = PBXFileReference; fileEncoding = 4; lastKnownFileType = sourcecode.swift; path = StudentLocationPin.swift; sourceTree = "<group>"; };
		2660F6801B116A2600944C27 /* StudentLocationsViewController.swift */ = {isa = PBXFileReference; fileEncoding = 4; lastKnownFileType = sourcecode.swift; path = StudentLocationsViewController.swift; sourceTree = "<group>"; };
		2697F3681B39431B00BD6964 /* ArrayExtensions.swift */ = {isa = PBXFileReference; fileEncoding = 4; lastKnownFileType = sourcecode.swift; name = ArrayExtensions.swift; path = Utilities/ArrayExtensions.swift; sourceTree = "<group>"; };
		26B845381B034B4F001AD5CF /* OnTheMap.app */ = {isa = PBXFileReference; explicitFileType = wrapper.application; includeInIndex = 0; path = OnTheMap.app; sourceTree = BUILT_PRODUCTS_DIR; };
		26B8453C1B034B4F001AD5CF /* Info.plist */ = {isa = PBXFileReference; lastKnownFileType = text.plist.xml; path = Info.plist; sourceTree = "<group>"; };
		26B8453D1B034B4F001AD5CF /* AppDelegate.swift */ = {isa = PBXFileReference; lastKnownFileType = sourcecode.swift; path = AppDelegate.swift; sourceTree = "<group>"; };
		26B8453F1B034B4F001AD5CF /* AuthenticationViewController.swift */ = {isa = PBXFileReference; lastKnownFileType = sourcecode.swift; path = AuthenticationViewController.swift; sourceTree = "<group>"; };
		26B845421B034B4F001AD5CF /* Base */ = {isa = PBXFileReference; lastKnownFileType = file.storyboard; name = Base; path = Base.lproj/Main.storyboard; sourceTree = "<group>"; };
		26B845441B034B4F001AD5CF /* Images.xcassets */ = {isa = PBXFileReference; lastKnownFileType = folder.assetcatalog; path = Images.xcassets; sourceTree = "<group>"; };
		26B845471B034B4F001AD5CF /* Base */ = {isa = PBXFileReference; lastKnownFileType = file.xib; name = Base; path = Base.lproj/LaunchScreen.xib; sourceTree = "<group>"; };
		26B8454D1B034B4F001AD5CF /* OnTheMapTests.xctest */ = {isa = PBXFileReference; explicitFileType = wrapper.cfbundle; includeInIndex = 0; path = OnTheMapTests.xctest; sourceTree = BUILT_PRODUCTS_DIR; };
		26B845521B034B4F001AD5CF /* Info.plist */ = {isa = PBXFileReference; lastKnownFileType = text.plist.xml; path = Info.plist; sourceTree = "<group>"; };
		26B845531B034B4F001AD5CF /* OnTheMapTests.swift */ = {isa = PBXFileReference; lastKnownFileType = sourcecode.swift; path = OnTheMapTests.swift; sourceTree = "<group>"; };
		26B8456C1B035A2D001AD5CF /* Deferred.framework */ = {isa = PBXFileReference; lastKnownFileType = wrapper.framework; name = Deferred.framework; path = Carthage/Build/iOS/Deferred.framework; sourceTree = "<group>"; };
		26B8456F1B035BFF001AD5CF /* Result.framework */ = {isa = PBXFileReference; lastKnownFileType = wrapper.framework; name = Result.framework; path = Carthage/Build/iOS/Result.framework; sourceTree = "<group>"; };
		26B845711B035C03001AD5CF /* Box.framework */ = {isa = PBXFileReference; lastKnownFileType = wrapper.framework; name = Box.framework; path = Carthage/Build/iOS/Box.framework; sourceTree = "<group>"; };
		26B845731B035C7B001AD5CF /* Cartfile */ = {isa = PBXFileReference; fileEncoding = 4; lastKnownFileType = text; path = Cartfile; sourceTree = "<group>"; };
		26B845781B04A52F001AD5CF /* UdacityClient.swift */ = {isa = PBXFileReference; fileEncoding = 4; lastKnownFileType = sourcecode.swift; name = UdacityClient.swift; path = UdacityClient/UdacityClient.swift; sourceTree = "<group>"; };
		26B8457A1B04A731001AD5CF /* ResultT.swift */ = {isa = PBXFileReference; fileEncoding = 4; lastKnownFileType = sourcecode.swift; name = ResultT.swift; path = Utilities/ResultT.swift; sourceTree = "<group>"; };
		26B8457D1B04AA5E001AD5CF /* JSON.swift */ = {isa = PBXFileReference; fileEncoding = 4; lastKnownFileType = sourcecode.swift; name = JSON.swift; path = Utilities/JSON.swift; sourceTree = "<group>"; };
		26B845801B07385F001AD5CF /* ParseClient.swift */ = {isa = PBXFileReference; fileEncoding = 4; lastKnownFileType = sourcecode.swift; name = ParseClient.swift; path = ParseClient/ParseClient.swift; sourceTree = "<group>"; };
		26B845821B07387D001AD5CF /* RESTClient.swift */ = {isa = PBXFileReference; fileEncoding = 4; lastKnownFileType = sourcecode.swift; path = RESTClient.swift; sourceTree = "<group>"; };
		26B845861B0738CE001AD5CF /* ResultError.swift */ = {isa = PBXFileReference; fileEncoding = 4; lastKnownFileType = sourcecode.swift; name = ResultError.swift; path = Utilities/ResultError.swift; sourceTree = "<group>"; };
		26B845881B073AD6001AD5CF /* StudentInformation.swift */ = {isa = PBXFileReference; fileEncoding = 4; lastKnownFileType = sourcecode.swift; name = StudentInformation.swift; path = ParseClient/StudentInformation.swift; sourceTree = "<group>"; };
		26C161B21B36A0A900DEF003 /* LocationSearch.swift */ = {isa = PBXFileReference; fileEncoding = 4; lastKnownFileType = sourcecode.swift; path = LocationSearch.swift; sourceTree = "<group>"; };
/* End PBXFileReference section */

/* Begin PBXFrameworksBuildPhase section */
		26B845351B034B4F001AD5CF /* Frameworks */ = {
			isa = PBXFrameworksBuildPhase;
			buildActionMask = 2147483647;
			files = (
				2660F6761B0DE1A300944C27 /* MapKit.framework in Frameworks */,
				26B8456D1B035A2D001AD5CF /* Deferred.framework in Frameworks */,
				26B845701B035BFF001AD5CF /* Result.framework in Frameworks */,
				26B845721B035C03001AD5CF /* Box.framework in Frameworks */,
			);
			runOnlyForDeploymentPostprocessing = 0;
		};
		26B8454A1B034B4F001AD5CF /* Frameworks */ = {
			isa = PBXFrameworksBuildPhase;
			buildActionMask = 2147483647;
			files = (
			);
			runOnlyForDeploymentPostprocessing = 0;
		};
/* End PBXFrameworksBuildPhase section */

/* Begin PBXGroup section */
		2660F6771B0DE23C00944C27 /* Controller */ = {
			isa = PBXGroup;
			children = (
				26B8453F1B034B4F001AD5CF /* AuthenticationViewController.swift */,
				2660F6781B0DE90600944C27 /* MapViewController.swift */,
				2660F67A1B0DE94300944C27 /* ListViewController.swift */,
				2660F67C1B106E2A00944C27 /* InformationPostingViewController.swift */,
				2660F6801B116A2600944C27 /* StudentLocationsViewController.swift */,
			);
			name = Controller;
			sourceTree = "<group>";
		};
		26B8452F1B034B4F001AD5CF = {
			isa = PBXGroup;
			children = (
				2660F6751B0DE1A300944C27 /* MapKit.framework */,
				26B845711B035C03001AD5CF /* Box.framework */,
				26B8456F1B035BFF001AD5CF /* Result.framework */,
				26B8456C1B035A2D001AD5CF /* Deferred.framework */,
				26B8453A1B034B4F001AD5CF /* OnTheMap */,
				26B845501B034B4F001AD5CF /* OnTheMapTests */,
				26B845391B034B4F001AD5CF /* Products */,
				26B845731B035C7B001AD5CF /* Cartfile */,
			);
			sourceTree = "<group>";
		};
		26B845391B034B4F001AD5CF /* Products */ = {
			isa = PBXGroup;
			children = (
				26B845381B034B4F001AD5CF /* OnTheMap.app */,
				26B8454D1B034B4F001AD5CF /* OnTheMapTests.xctest */,
			);
			name = Products;
			sourceTree = "<group>";
		};
		26B8453A1B034B4F001AD5CF /* OnTheMap */ = {
			isa = PBXGroup;
			children = (
				26C161B11B36A06800DEF003 /* LocationSearch */,
				2660F6771B0DE23C00944C27 /* Controller */,
				26B8457F1B07384B001AD5CF /* ParseClient */,
				26B845771B04A4E7001AD5CF /* UdacityClient */,
				26B8457C1B04A755001AD5CF /* Utilities */,
				26B8453D1B034B4F001AD5CF /* AppDelegate.swift */,
				26B845411B034B4F001AD5CF /* Main.storyboard */,
				26B845441B034B4F001AD5CF /* Images.xcassets */,
				26B845461B034B4F001AD5CF /* LaunchScreen.xib */,
				26B8453B1B034B4F001AD5CF /* Supporting Files */,
				26B845821B07387D001AD5CF /* RESTClient.swift */,
			);
			path = OnTheMap;
			sourceTree = "<group>";
		};
		26B8453B1B034B4F001AD5CF /* Supporting Files */ = {
			isa = PBXGroup;
			children = (
				26B8453C1B034B4F001AD5CF /* Info.plist */,
			);
			name = "Supporting Files";
			sourceTree = "<group>";
		};
		26B845501B034B4F001AD5CF /* OnTheMapTests */ = {
			isa = PBXGroup;
			children = (
				26B845531B034B4F001AD5CF /* OnTheMapTests.swift */,
				26B845511B034B4F001AD5CF /* Supporting Files */,
			);
			path = OnTheMapTests;
			sourceTree = "<group>";
		};
		26B845511B034B4F001AD5CF /* Supporting Files */ = {
			isa = PBXGroup;
			children = (
				26B845521B034B4F001AD5CF /* Info.plist */,
			);
			name = "Supporting Files";
			sourceTree = "<group>";
		};
		26B845771B04A4E7001AD5CF /* UdacityClient */ = {
			isa = PBXGroup;
			children = (
				26B845781B04A52F001AD5CF /* UdacityClient.swift */,
			);
			name = UdacityClient;
			sourceTree = "<group>";
		};
		26B8457C1B04A755001AD5CF /* Utilities */ = {
			isa = PBXGroup;
			children = (
				26B845861B0738CE001AD5CF /* ResultError.swift */,
				26B8457A1B04A731001AD5CF /* ResultT.swift */,
				2697F3681B39431B00BD6964 /* ArrayExtensions.swift */,
				26B8457D1B04AA5E001AD5CF /* JSON.swift */,
				2660F6731B0CAAA900944C27 /* StringExtensions.swift */,
			);
			name = Utilities;
			sourceTree = "<group>";
		};
		26B8457F1B07384B001AD5CF /* ParseClient */ = {
			isa = PBXGroup;
			children = (
				26B845801B07385F001AD5CF /* ParseClient.swift */,
				26B845881B073AD6001AD5CF /* StudentInformation.swift */,
				2660F67E1B107DDB00944C27 /* StudentLocationPin.swift */,
			);
			name = ParseClient;
			sourceTree = "<group>";
		};
		26C161B11B36A06800DEF003 /* LocationSearch */ = {
			isa = PBXGroup;
			children = (
				26C161B21B36A0A900DEF003 /* LocationSearch.swift */,
			);
			name = LocationSearch;
			sourceTree = "<group>";
		};
/* End PBXGroup section */

/* Begin PBXNativeTarget section */
		26B845371B034B4F001AD5CF /* OnTheMap */ = {
			isa = PBXNativeTarget;
			buildConfigurationList = 26B845571B034B4F001AD5CF /* Build configuration list for PBXNativeTarget "OnTheMap" */;
			buildPhases = (
				26B845341B034B4F001AD5CF /* Sources */,
				26B845351B034B4F001AD5CF /* Frameworks */,
				26B845361B034B4F001AD5CF /* Resources */,
				26B8456E1B035ACD001AD5CF /* ShellScript */,
			);
			buildRules = (
			);
			dependencies = (
			);
			name = OnTheMap;
			productName = OnTheMap;
			productReference = 26B845381B034B4F001AD5CF /* OnTheMap.app */;
			productType = "com.apple.product-type.application";
		};
		26B8454C1B034B4F001AD5CF /* OnTheMapTests */ = {
			isa = PBXNativeTarget;
			buildConfigurationList = 26B8455A1B034B4F001AD5CF /* Build configuration list for PBXNativeTarget "OnTheMapTests" */;
			buildPhases = (
				26B845491B034B4F001AD5CF /* Sources */,
				26B8454A1B034B4F001AD5CF /* Frameworks */,
				26B8454B1B034B4F001AD5CF /* Resources */,
			);
			buildRules = (
			);
			dependencies = (
				26B8454F1B034B4F001AD5CF /* PBXTargetDependency */,
			);
			name = OnTheMapTests;
			productName = OnTheMapTests;
			productReference = 26B8454D1B034B4F001AD5CF /* OnTheMapTests.xctest */;
			productType = "com.apple.product-type.bundle.unit-test";
		};
/* End PBXNativeTarget section */

/* Begin PBXProject section */
		26B845301B034B4F001AD5CF /* Project object */ = {
			isa = PBXProject;
			attributes = {
				LastUpgradeCheck = 0630;
				ORGANIZATIONNAME = "Matt Curtis";
				TargetAttributes = {
					26B845371B034B4F001AD5CF = {
						CreatedOnToolsVersion = 6.3.1;
					};
					26B8454C1B034B4F001AD5CF = {
						CreatedOnToolsVersion = 6.3.1;
						TestTargetID = 26B845371B034B4F001AD5CF;
					};
				};
			};
			buildConfigurationList = 26B845331B034B4F001AD5CF /* Build configuration list for PBXProject "OnTheMap" */;
			compatibilityVersion = "Xcode 3.2";
			developmentRegion = English;
			hasScannedForEncodings = 0;
			knownRegions = (
				en,
				Base,
			);
			mainGroup = 26B8452F1B034B4F001AD5CF;
			productRefGroup = 26B845391B034B4F001AD5CF /* Products */;
			projectDirPath = "";
			projectRoot = "";
			targets = (
				26B845371B034B4F001AD5CF /* OnTheMap */,
				26B8454C1B034B4F001AD5CF /* OnTheMapTests */,
			);
		};
/* End PBXProject section */

/* Begin PBXResourcesBuildPhase section */
		26B845361B034B4F001AD5CF /* Resources */ = {
			isa = PBXResourcesBuildPhase;
			buildActionMask = 2147483647;
			files = (
				26B845431B034B4F001AD5CF /* Main.storyboard in Resources */,
				26B845481B034B4F001AD5CF /* LaunchScreen.xib in Resources */,
				26B845741B035C7B001AD5CF /* Cartfile in Resources */,
				26B845451B034B4F001AD5CF /* Images.xcassets in Resources */,
			);
			runOnlyForDeploymentPostprocessing = 0;
		};
		26B8454B1B034B4F001AD5CF /* Resources */ = {
			isa = PBXResourcesBuildPhase;
			buildActionMask = 2147483647;
			files = (
			);
			runOnlyForDeploymentPostprocessing = 0;
		};
/* End PBXResourcesBuildPhase section */

/* Begin PBXShellScriptBuildPhase section */
		26B8456E1B035ACD001AD5CF /* ShellScript */ = {
			isa = PBXShellScriptBuildPhase;
			buildActionMask = 2147483647;
			files = (
			);
			inputPaths = (
				"$(SRCROOT)/Carthage/Build/iOS/Deferred.framework",
				"$(SRCROOT)/Carthage/Build/iOS/Result.framework",
				"$(SRCROOT)/Carthage/Build/iOS/Box.framework",
			);
			outputPaths = (
			);
			runOnlyForDeploymentPostprocessing = 0;
			shellPath = /bin/sh;
			shellScript = "/usr/local/bin/carthage copy-frameworks";
		};
/* End PBXShellScriptBuildPhase section */

/* Begin PBXSourcesBuildPhase section */
		26B845341B034B4F001AD5CF /* Sources */ = {
			isa = PBXSourcesBuildPhase;
			buildActionMask = 2147483647;
			files = (
				2660F6791B0DE90600944C27 /* MapViewController.swift in Sources */,
				26B845891B073AD6001AD5CF /* StudentInformation.swift in Sources */,
				2660F67B1B0DE94300944C27 /* ListViewController.swift in Sources */,
				26C161B31B36A0A900DEF003 /* LocationSearch.swift in Sources */,
				26B845811B07385F001AD5CF /* ParseClient.swift in Sources */,
				2660F6741B0CAAA900944C27 /* StringExtensions.swift in Sources */,
				26B845401B034B4F001AD5CF /* AuthenticationViewController.swift in Sources */,
				26B845831B07387D001AD5CF /* RESTClient.swift in Sources */,
				26B8457E1B04AA5E001AD5CF /* JSON.swift in Sources */,
				26B8453E1B034B4F001AD5CF /* AppDelegate.swift in Sources */,
				26B845871B0738CE001AD5CF /* ResultError.swift in Sources */,
				2697F3691B39431B00BD6964 /* ArrayExtensions.swift in Sources */,
				26B845791B04A52F001AD5CF /* UdacityClient.swift in Sources */,
				26B8457B1B04A731001AD5CF /* ResultT.swift in Sources */,
				2660F67F1B107DDB00944C27 /* StudentLocationPin.swift in Sources */,
				2660F6811B116A2600944C27 /* StudentLocationsViewController.swift in Sources */,
				2660F67D1B106E2A00944C27 /* InformationPostingViewController.swift in Sources */,
			);
			runOnlyForDeploymentPostprocessing = 0;
		};
		26B845491B034B4F001AD5CF /* Sources */ = {
			isa = PBXSourcesBuildPhase;
			buildActionMask = 2147483647;
			files = (
				26B845541B034B4F001AD5CF /* OnTheMapTests.swift in Sources */,
			);
			runOnlyForDeploymentPostprocessing = 0;
		};
/* End PBXSourcesBuildPhase section */

/* Begin PBXTargetDependency section */
		26B8454F1B034B4F001AD5CF /* PBXTargetDependency */ = {
			isa = PBXTargetDependency;
			target = 26B845371B034B4F001AD5CF /* OnTheMap */;
			targetProxy = 26B8454E1B034B4F001AD5CF /* PBXContainerItemProxy */;
		};
/* End PBXTargetDependency section */

/* Begin PBXVariantGroup section */
		26B845411B034B4F001AD5CF /* Main.storyboard */ = {
			isa = PBXVariantGroup;
			children = (
				26B845421B034B4F001AD5CF /* Base */,
			);
			name = Main.storyboard;
			sourceTree = "<group>";
		};
		26B845461B034B4F001AD5CF /* LaunchScreen.xib */ = {
			isa = PBXVariantGroup;
			children = (
				26B845471B034B4F001AD5CF /* Base */,
			);
			name = LaunchScreen.xib;
			sourceTree = "<group>";
		};
/* End PBXVariantGroup section */

/* Begin XCBuildConfiguration section */
		26B845551B034B4F001AD5CF /* Debug */ = {
			isa = XCBuildConfiguration;
			buildSettings = {
				ALWAYS_SEARCH_USER_PATHS = NO;
				CLANG_CXX_LANGUAGE_STANDARD = "gnu++0x";
				CLANG_CXX_LIBRARY = "libc++";
				CLANG_ENABLE_MODULES = YES;
				CLANG_ENABLE_OBJC_ARC = YES;
				CLANG_WARN_BOOL_CONVERSION = YES;
				CLANG_WARN_CONSTANT_CONVERSION = YES;
				CLANG_WARN_DIRECT_OBJC_ISA_USAGE = YES_ERROR;
				CLANG_WARN_EMPTY_BODY = YES;
				CLANG_WARN_ENUM_CONVERSION = YES;
				CLANG_WARN_INT_CONVERSION = YES;
				CLANG_WARN_OBJC_ROOT_CLASS = YES_ERROR;
				CLANG_WARN_UNREACHABLE_CODE = YES;
				CLANG_WARN__DUPLICATE_METHOD_MATCH = YES;
				"CODE_SIGN_IDENTITY[sdk=iphoneos*]" = "iPhone Developer";
				COPY_PHASE_STRIP = NO;
				DEBUG_INFORMATION_FORMAT = "dwarf-with-dsym";
				ENABLE_STRICT_OBJC_MSGSEND = YES;
				GCC_C_LANGUAGE_STANDARD = gnu99;
				GCC_DYNAMIC_NO_PIC = NO;
				GCC_NO_COMMON_BLOCKS = YES;
				GCC_OPTIMIZATION_LEVEL = 0;
				GCC_PREPROCESSOR_DEFINITIONS = (
					"DEBUG=1",
					"$(inherited)",
				);
				GCC_SYMBOLS_PRIVATE_EXTERN = NO;
				GCC_WARN_64_TO_32_BIT_CONVERSION = YES;
				GCC_WARN_ABOUT_RETURN_TYPE = YES_ERROR;
				GCC_WARN_UNDECLARED_SELECTOR = YES;
				GCC_WARN_UNINITIALIZED_AUTOS = YES_AGGRESSIVE;
				GCC_WARN_UNUSED_FUNCTION = YES;
				GCC_WARN_UNUSED_VARIABLE = YES;
				IPHONEOS_DEPLOYMENT_TARGET = 8.3;
				MTL_ENABLE_DEBUG_INFO = YES;
				ONLY_ACTIVE_ARCH = YES;
				SDKROOT = iphoneos;
				SWIFT_OPTIMIZATION_LEVEL = "-Onone";
			};
			name = Debug;
		};
		26B845561B034B4F001AD5CF /* Release */ = {
			isa = XCBuildConfiguration;
			buildSettings = {
				ALWAYS_SEARCH_USER_PATHS = NO;
				CLANG_CXX_LANGUAGE_STANDARD = "gnu++0x";
				CLANG_CXX_LIBRARY = "libc++";
				CLANG_ENABLE_MODULES = YES;
				CLANG_ENABLE_OBJC_ARC = YES;
				CLANG_WARN_BOOL_CONVERSION = YES;
				CLANG_WARN_CONSTANT_CONVERSION = YES;
				CLANG_WARN_DIRECT_OBJC_ISA_USAGE = YES_ERROR;
				CLANG_WARN_EMPTY_BODY = YES;
				CLANG_WARN_ENUM_CONVERSION = YES;
				CLANG_WARN_INT_CONVERSION = YES;
				CLANG_WARN_OBJC_ROOT_CLASS = YES_ERROR;
				CLANG_WARN_UNREACHABLE_CODE = YES;
				CLANG_WARN__DUPLICATE_METHOD_MATCH = YES;
				"CODE_SIGN_IDENTITY[sdk=iphoneos*]" = "iPhone Developer";
				COPY_PHASE_STRIP = NO;
				DEBUG_INFORMATION_FORMAT = "dwarf-with-dsym";
				ENABLE_NS_ASSERTIONS = NO;
				ENABLE_STRICT_OBJC_MSGSEND = YES;
				GCC_C_LANGUAGE_STANDARD = gnu99;
				GCC_NO_COMMON_BLOCKS = YES;
				GCC_WARN_64_TO_32_BIT_CONVERSION = YES;
				GCC_WARN_ABOUT_RETURN_TYPE = YES_ERROR;
				GCC_WARN_UNDECLARED_SELECTOR = YES;
				GCC_WARN_UNINITIALIZED_AUTOS = YES_AGGRESSIVE;
				GCC_WARN_UNUSED_FUNCTION = YES;
				GCC_WARN_UNUSED_VARIABLE = YES;
				IPHONEOS_DEPLOYMENT_TARGET = 8.3;
				MTL_ENABLE_DEBUG_INFO = NO;
				SDKROOT = iphoneos;
				VALIDATE_PRODUCT = YES;
			};
			name = Release;
		};
		26B845581B034B4F001AD5CF /* Debug */ = {
			isa = XCBuildConfiguration;
			buildSettings = {
				ASSETCATALOG_COMPILER_APPICON_NAME = AppIcon;
				FRAMEWORK_SEARCH_PATHS = (
					"$(inherited)",
					"$(PROJECT_DIR)/Carthage/Build/iOS",
				);
				INFOPLIST_FILE = OnTheMap/Info.plist;
				LD_RUNPATH_SEARCH_PATHS = "$(inherited) @executable_path/Frameworks";
				PRODUCT_NAME = "$(TARGET_NAME)";
			};
			name = Debug;
		};
		26B845591B034B4F001AD5CF /* Release */ = {
			isa = XCBuildConfiguration;
			buildSettings = {
				ASSETCATALOG_COMPILER_APPICON_NAME = AppIcon;
				FRAMEWORK_SEARCH_PATHS = (
					"$(inherited)",
					"$(PROJECT_DIR)/Carthage/Build/iOS",
				);
				INFOPLIST_FILE = OnTheMap/Info.plist;
				LD_RUNPATH_SEARCH_PATHS = "$(inherited) @executable_path/Frameworks";
				PRODUCT_NAME = "$(TARGET_NAME)";
			};
			name = Release;
		};
		26B8455B1B034B4F001AD5CF /* Debug */ = {
			isa = XCBuildConfiguration;
			buildSettings = {
				BUNDLE_LOADER = "$(TEST_HOST)";
				FRAMEWORK_SEARCH_PATHS = (
					"$(SDKROOT)/Developer/Library/Frameworks",
					"$(inherited)",
				);
				GCC_PREPROCESSOR_DEFINITIONS = (
					"DEBUG=1",
					"$(inherited)",
				);
				INFOPLIST_FILE = OnTheMapTests/Info.plist;
				LD_RUNPATH_SEARCH_PATHS = "$(inherited) @executable_path/Frameworks @loader_path/Frameworks";
				PRODUCT_NAME = "$(TARGET_NAME)";
				TEST_HOST = "$(BUILT_PRODUCTS_DIR)/OnTheMap.app/OnTheMap";
			};
			name = Debug;
		};
		26B8455C1B034B4F001AD5CF /* Release */ = {
			isa = XCBuildConfiguration;
			buildSettings = {
				BUNDLE_LOADER = "$(TEST_HOST)";
				FRAMEWORK_SEARCH_PATHS = (
					"$(SDKROOT)/Developer/Library/Frameworks",
					"$(inherited)",
				);
				INFOPLIST_FILE = OnTheMapTests/Info.plist;
				LD_RUNPATH_SEARCH_PATHS = "$(inherited) @executable_path/Frameworks @loader_path/Frameworks";
				PRODUCT_NAME = "$(TARGET_NAME)";
				TEST_HOST = "$(BUILT_PRODUCTS_DIR)/OnTheMap.app/OnTheMap";
			};
			name = Release;
		};
/* End XCBuildConfiguration section */

/* Begin XCConfigurationList section */
		26B845331B034B4F001AD5CF /* Build configuration list for PBXProject "OnTheMap" */ = {
			isa = XCConfigurationList;
			buildConfigurations = (
				26B845551B034B4F001AD5CF /* Debug */,
				26B845561B034B4F001AD5CF /* Release */,
			);
			defaultConfigurationIsVisible = 0;
			defaultConfigurationName = Release;
		};
		26B845571B034B4F001AD5CF /* Build configuration list for PBXNativeTarget "OnTheMap" */ = {
			isa = XCConfigurationList;
			buildConfigurations = (
				26B845581B034B4F001AD5CF /* Debug */,
				26B845591B034B4F001AD5CF /* Release */,
			);
			defaultConfigurationIsVisible = 0;
			defaultConfigurationName = Release;
		};
		26B8455A1B034B4F001AD5CF /* Build configuration list for PBXNativeTarget "OnTheMapTests" */ = {
			isa = XCConfigurationList;
			buildConfigurations = (
				26B8455B1B034B4F001AD5CF /* Debug */,
				26B8455C1B034B4F001AD5CF /* Release */,
			);
			defaultConfigurationIsVisible = 0;
			defaultConfigurationName = Release;
		};
/* End XCConfigurationList section */
	};
	rootObject = 26B845301B034B4F001AD5CF /* Project object */;
}
